
Microsoft Visual Studio Solution File, Format Version 12.00
# Visual Studio Version 17
VisualStudioVersion = 17.7.34003.232
MinimumVisualStudioVersion = 10.0.40219.1
Project("{FAE04EC0-301F-11D3-BF4B-00C04F79EFBC}") = "ClassLibrary1", "ClassLibrary1.csproj", "{DD2B63E4-130A-4E88-8700-5BB83F83A09F}"
EndProject
Project("{FAE04EC0-301F-11D3-BF4B-00C04F79EFBC}") = "ConsoleApp1", "..\ConsoleApp1\ConsoleApp1.csproj", "{EAA6F3C1-4766-4667-8181-7948472C8E23}"
EndProject
Global
	GlobalSection(SolutionConfigurationPlatforms) = preSolution
		Debug|Any CPU = Debug|Any CPU
		Release|Any CPU = Release|Any CPU
	EndGlobalSection
	GlobalSection(ProjectConfigurationPlatforms) = postSolution
		{DD2B63E4-130A-4E88-8700-5BB83F83A09F}.Debug|Any CPU.ActiveCfg = Debug|Any CPU
		{DD2B63E4-130A-4E88-8700-5BB83F83A09F}.Debug|Any CPU.Build.0 = Debug|Any CPU
		{DD2B63E4-130A-4E88-8700-5BB83F83A09F}.Release|Any CPU.ActiveCfg = Release|Any CPU
		{DD2B63E4-130A-4E88-8700-5BB83F83A09F}.Release|Any CPU.Build.0 = Release|Any CPU
		{EAA6F3C1-4766-4667-8181-7948472C8E23}.Debug|Any CPU.ActiveCfg = Debug|Any CPU
		{EAA6F3C1-4766-4667-8181-7948472C8E23}.Debug|Any CPU.Build.0 = Debug|Any CPU
		{EAA6F3C1-4766-4667-8181-7948472C8E23}.Release|Any CPU.ActiveCfg = Release|Any CPU
		{EAA6F3C1-4766-4667-8181-7948472C8E23}.Release|Any CPU.Build.0 = Release|Any CPU
	EndGlobalSection
	GlobalSection(SolutionProperties) = preSolution
		HideSolutionNode = FALSE
	EndGlobalSection
	GlobalSection(ExtensibilityGlobals) = postSolution
		SolutionGuid = {DD9F6559-864B-4EF2-82C9-7B280D0D3525}
	EndGlobalSection
EndGlobal
